
Microsoft Visual Studio Solution File, Format Version 12.00
# Visual Studio Version 17
VisualStudioVersion = 17.14.36915.13 d17.14
MinimumVisualStudioVersion = 10.0.40219.1
Project("{C9674DCB-5085-4A16-B785-4C70DD1589BD}") = "IT440_EDW_ab", "IT440_EDW_ab.dtproj", "{446E8DC6-A6ED-61D9-4B95-B8F656D55A72}"
EndProject
Global
	GlobalSection(SolutionConfigurationPlatforms) = preSolution
		Development|Default = Development|Default
	EndGlobalSection
	GlobalSection(ProjectConfigurationPlatforms) = postSolution
		{446E8DC6-A6ED-61D9-4B95-B8F656D55A72}.Development|Default.ActiveCfg = Development
		{446E8DC6-A6ED-61D9-4B95-B8F656D55A72}.Development|Default.Build.0 = Development
	EndGlobalSection
	GlobalSection(SolutionProperties) = preSolution
		HideSolutionNode = FALSE
	EndGlobalSection
	GlobalSection(ExtensibilityGlobals) = postSolution
		SolutionGuid = {C21BA88C-52D5-474A-98B4-4E2B3E8EC432}
	EndGlobalSection
EndGlobal
